// !$*UTF8*$!
{
	archiveVersion = 1;
	classes = {
	};
	objectVersion = 46;
	objects = {

/* Begin PBXBuildFile section */
		8FB4F0D01C7C558200464227 /* Reachability.swift in Sources */ = {isa = PBXBuildFile; fileRef = 8FB4F0CF1C7C558200464227 /* Reachability.swift */; };
		AC5C195C62E6895DB014404A /* libPods-MathIOS.a in Frameworks */ = {isa = PBXBuildFile; fileRef = D67C99758E94839CE6697E0B /* libPods-MathIOS.a */; };
		DB1700011C7BAE5800B4D713 /* AlbumPhotoCell.swift in Sources */ = {isa = PBXBuildFile; fileRef = DB1700001C7BAE5800B4D713 /* AlbumPhotoCell.swift */; };
		DB1700031C7BAEB600B4D713 /* AlbumPhotoCollection.swift in Sources */ = {isa = PBXBuildFile; fileRef = DB1700021C7BAEB600B4D713 /* AlbumPhotoCollection.swift */; };
		DB1700051C7BB24B00B4D713 /* placeholder.png in Resources */ = {isa = PBXBuildFile; fileRef = DB1700041C7BB24B00B4D713 /* placeholder.png */; };
		DB17FFFE1C7BA00E00B4D713 /* album.png in Resources */ = {isa = PBXBuildFile; fileRef = DB17FFFC1C7BA00E00B4D713 /* album.png */; };
		DB17FFFF1C7BA00E00B4D713 /* post.png in Resources */ = {isa = PBXBuildFile; fileRef = DB17FFFD1C7BA00E00B4D713 /* post.png */; };
		DB1E27F11C79FA75004A5662 /* MathIOS-Bridge-Header.m in Sources */ = {isa = PBXBuildFile; fileRef = DB1E27F01C79FA75004A5662 /* MathIOS-Bridge-Header.m */; };
		DB1E27F71C79FB60004A5662 /* ServerManager.swift in Sources */ = {isa = PBXBuildFile; fileRef = DB1E27F61C79FB60004A5662 /* ServerManager.swift */; };
		DB1E27F91C7A00FF004A5662 /* PostModel.swift in Sources */ = {isa = PBXBuildFile; fileRef = DB1E27F81C7A00FF004A5662 /* PostModel.swift */; };
		DB1E27FD1C7A14EB004A5662 /* PostsViewController.swift in Sources */ = {isa = PBXBuildFile; fileRef = DB1E27FC1C7A14EB004A5662 /* PostsViewController.swift */; };
		DB1E27FF1C7A1B06004A5662 /* PostCell.swift in Sources */ = {isa = PBXBuildFile; fileRef = DB1E27FE1C7A1B06004A5662 /* PostCell.swift */; };
		DB1E28011C7A1D90004A5662 /* UserModel.swift in Sources */ = {isa = PBXBuildFile; fileRef = DB1E28001C7A1D90004A5662 /* UserModel.swift */; };
		DB1E28031C7A253F004A5662 /* DetailPostViewController.swift in Sources */ = {isa = PBXBuildFile; fileRef = DB1E28021C7A253F004A5662 /* DetailPostViewController.swift */; };
		DB1E28051C7A3B74004A5662 /* CommentModel.swift in Sources */ = {isa = PBXBuildFile; fileRef = DB1E28041C7A3B74004A5662 /* CommentModel.swift */; };
		DB1E28071C7A3F3E004A5662 /* DetailPostCell.swift in Sources */ = {isa = PBXBuildFile; fileRef = DB1E28061C7A3F3E004A5662 /* DetailPostCell.swift */; };
		DB1E280A1C7A4F03004A5662 /* AlbomUsersViewController.swift in Sources */ = {isa = PBXBuildFile; fileRef = DB1E28091C7A4F03004A5662 /* AlbomUsersViewController.swift */; };
		DB1E280C1C7A506A004A5662 /* AlbomModel.swift in Sources */ = {isa = PBXBuildFile; fileRef = DB1E280B1C7A506A004A5662 /* AlbomModel.swift */; };
		DB1E280E1C7A533C004A5662 /* PhotosModel.swift in Sources */ = {isa = PBXBuildFile; fileRef = DB1E280D1C7A533C004A5662 /* PhotosModel.swift */; };
		DB5E41221C7C285A004E9CBC /* TutorialViewController.swift in Sources */ = {isa = PBXBuildFile; fileRef = DB5E41211C7C285A004E9CBC /* TutorialViewController.swift */; };
		DB5E41241C7C2875004E9CBC /* ContentTutorialVC.swift in Sources */ = {isa = PBXBuildFile; fileRef = DB5E41231C7C2875004E9CBC /* ContentTutorialVC.swift */; };
		DB6E69261C79B9CD00B4DCCF /* AppDelegate.swift in Sources */ = {isa = PBXBuildFile; fileRef = DB6E69251C79B9CD00B4DCCF /* AppDelegate.swift */; };
		DB6E69281C79B9CD00B4DCCF /* ViewController.swift in Sources */ = {isa = PBXBuildFile; fileRef = DB6E69271C79B9CD00B4DCCF /* ViewController.swift */; };
		DB6E692B1C79B9CD00B4DCCF /* Main.storyboard in Resources */ = {isa = PBXBuildFile; fileRef = DB6E69291C79B9CD00B4DCCF /* Main.storyboard */; };
		DB6E692D1C79B9CD00B4DCCF /* Assets.xcassets in Resources */ = {isa = PBXBuildFile; fileRef = DB6E692C1C79B9CD00B4DCCF /* Assets.xcassets */; };
		DB6E69301C79B9CD00B4DCCF /* LaunchScreen.storyboard in Resources */ = {isa = PBXBuildFile; fileRef = DB6E692E1C79B9CD00B4DCCF /* LaunchScreen.storyboard */; };
/* End PBXBuildFile section */

/* Begin PBXFileReference section */
		1EAE5A940323A84D76A41F30 /* Pods-MathIOS.debug.xcconfig */ = {isa = PBXFileReference; includeInIndex = 1; lastKnownFileType = text.xcconfig; name = "Pods-MathIOS.debug.xcconfig"; path = "Pods/Target Support Files/Pods-MathIOS/Pods-MathIOS.debug.xcconfig"; sourceTree = "<group>"; };
		22D128261071A8DA3AA84BC8 /* Pods-MathIOS.release.xcconfig */ = {isa = PBXFileReference; includeInIndex = 1; lastKnownFileType = text.xcconfig; name = "Pods-MathIOS.release.xcconfig"; path = "Pods/Target Support Files/Pods-MathIOS/Pods-MathIOS.release.xcconfig"; sourceTree = "<group>"; };
		8FB4F0CF1C7C558200464227 /* Reachability.swift */ = {isa = PBXFileReference; fileEncoding = 4; lastKnownFileType = sourcecode.swift; path = Reachability.swift; sourceTree = "<group>"; };
		D67C99758E94839CE6697E0B /* libPods-MathIOS.a */ = {isa = PBXFileReference; explicitFileType = archive.ar; includeInIndex = 0; path = "libPods-MathIOS.a"; sourceTree = BUILT_PRODUCTS_DIR; };
		DB1700001C7BAE5800B4D713 /* AlbumPhotoCell.swift */ = {isa = PBXFileReference; fileEncoding = 4; lastKnownFileType = sourcecode.swift; path = AlbumPhotoCell.swift; sourceTree = "<group>"; };
		DB1700021C7BAEB600B4D713 /* AlbumPhotoCollection.swift */ = {isa = PBXFileReference; fileEncoding = 4; lastKnownFileType = sourcecode.swift; path = AlbumPhotoCollection.swift; sourceTree = "<group>"; };
		DB1700041C7BB24B00B4D713 /* placeholder.png */ = {isa = PBXFileReference; lastKnownFileType = image.png; path = placeholder.png; sourceTree = "<group>"; };
		DB17FFFC1C7BA00E00B4D713 /* album.png */ = {isa = PBXFileReference; lastKnownFileType = image.png; path = album.png; sourceTree = "<group>"; };
		DB17FFFD1C7BA00E00B4D713 /* post.png */ = {isa = PBXFileReference; lastKnownFileType = image.png; path = post.png; sourceTree = "<group>"; };
		DB1E27EF1C79FA74004A5662 /* MathIOS-Bridging-Header.h */ = {isa = PBXFileReference; lastKnownFileType = sourcecode.c.h; path = "MathIOS-Bridging-Header.h"; sourceTree = "<group>"; };
		DB1E27F01C79FA75004A5662 /* MathIOS-Bridge-Header.m */ = {isa = PBXFileReference; fileEncoding = 4; lastKnownFileType = sourcecode.c.objc; path = "MathIOS-Bridge-Header.m"; sourceTree = "<group>"; };
		DB1E27F61C79FB60004A5662 /* ServerManager.swift */ = {isa = PBXFileReference; fileEncoding = 4; lastKnownFileType = sourcecode.swift; path = ServerManager.swift; sourceTree = "<group>"; };
		DB1E27F81C7A00FF004A5662 /* PostModel.swift */ = {isa = PBXFileReference; fileEncoding = 4; lastKnownFileType = sourcecode.swift; path = PostModel.swift; sourceTree = "<group>"; };
		DB1E27FC1C7A14EB004A5662 /* PostsViewController.swift */ = {isa = PBXFileReference; fileEncoding = 4; lastKnownFileType = sourcecode.swift; path = PostsViewController.swift; sourceTree = "<group>"; };
		DB1E27FE1C7A1B06004A5662 /* PostCell.swift */ = {isa = PBXFileReference; fileEncoding = 4; lastKnownFileType = sourcecode.swift; path = PostCell.swift; sourceTree = "<group>"; };
		DB1E28001C7A1D90004A5662 /* UserModel.swift */ = {isa = PBXFileReference; fileEncoding = 4; lastKnownFileType = sourcecode.swift; path = UserModel.swift; sourceTree = "<group>"; };
		DB1E28021C7A253F004A5662 /* DetailPostViewController.swift */ = {isa = PBXFileReference; fileEncoding = 4; lastKnownFileType = sourcecode.swift; path = DetailPostViewController.swift; sourceTree = "<group>"; };
		DB1E28041C7A3B74004A5662 /* CommentModel.swift */ = {isa = PBXFileReference; fileEncoding = 4; lastKnownFileType = sourcecode.swift; path = CommentModel.swift; sourceTree = "<group>"; };
		DB1E28061C7A3F3E004A5662 /* DetailPostCell.swift */ = {isa = PBXFileReference; fileEncoding = 4; lastKnownFileType = sourcecode.swift; path = DetailPostCell.swift; sourceTree = "<group>"; };
		DB1E28091C7A4F03004A5662 /* AlbomUsersViewController.swift */ = {isa = PBXFileReference; fileEncoding = 4; lastKnownFileType = sourcecode.swift; path = AlbomUsersViewController.swift; sourceTree = "<group>"; };
		DB1E280B1C7A506A004A5662 /* AlbomModel.swift */ = {isa = PBXFileReference; fileEncoding = 4; lastKnownFileType = sourcecode.swift; path = AlbomModel.swift; sourceTree = "<group>"; };
		DB1E280D1C7A533C004A5662 /* PhotosModel.swift */ = {isa = PBXFileReference; fileEncoding = 4; lastKnownFileType = sourcecode.swift; path = PhotosModel.swift; sourceTree = "<group>"; };
		DB5E41211C7C285A004E9CBC /* TutorialViewController.swift */ = {isa = PBXFileReference; fileEncoding = 4; lastKnownFileType = sourcecode.swift; path = TutorialViewController.swift; sourceTree = "<group>"; };
		DB5E41231C7C2875004E9CBC /* ContentTutorialVC.swift */ = {isa = PBXFileReference; fileEncoding = 4; lastKnownFileType = sourcecode.swift; path = ContentTutorialVC.swift; sourceTree = "<group>"; };
		DB6E69221C79B9CD00B4DCCF /* MathIOS.app */ = {isa = PBXFileReference; explicitFileType = wrapper.application; includeInIndex = 0; path = MathIOS.app; sourceTree = BUILT_PRODUCTS_DIR; };
		DB6E69251C79B9CD00B4DCCF /* AppDelegate.swift */ = {isa = PBXFileReference; lastKnownFileType = sourcecode.swift; path = AppDelegate.swift; sourceTree = "<group>"; };
		DB6E69271C79B9CD00B4DCCF /* ViewController.swift */ = {isa = PBXFileReference; lastKnownFileType = sourcecode.swift; path = ViewController.swift; sourceTree = "<group>"; };
		DB6E692A1C79B9CD00B4DCCF /* Base */ = {isa = PBXFileReference; lastKnownFileType = file.storyboard; name = Base; path = Base.lproj/Main.storyboard; sourceTree = "<group>"; };
		DB6E692C1C79B9CD00B4DCCF /* Assets.xcassets */ = {isa = PBXFileReference; lastKnownFileType = folder.assetcatalog; path = Assets.xcassets; sourceTree = "<group>"; };
		DB6E692F1C79B9CD00B4DCCF /* Base */ = {isa = PBXFileReference; lastKnownFileType = file.storyboard; name = Base; path = Base.lproj/LaunchScreen.storyboard; sourceTree = "<group>"; };
		DB6E69311C79B9CD00B4DCCF /* Info.plist */ = {isa = PBXFileReference; lastKnownFileType = text.plist.xml; path = Info.plist; sourceTree = "<group>"; };
/* End PBXFileReference section */

/* Begin PBXFrameworksBuildPhase section */
		DB6E691F1C79B9CD00B4DCCF /* Frameworks */ = {
			isa = PBXFrameworksBuildPhase;
			buildActionMask = 2147483647;
			files = (
				AC5C195C62E6895DB014404A /* libPods-MathIOS.a in Frameworks */,
			);
			runOnlyForDeploymentPostprocessing = 0;
		};
/* End PBXFrameworksBuildPhase section */

/* Begin PBXGroup section */
		6613895D322B0F1CB7F5B628 /* Pods */ = {
			isa = PBXGroup;
			children = (
				1EAE5A940323A84D76A41F30 /* Pods-MathIOS.debug.xcconfig */,
				22D128261071A8DA3AA84BC8 /* Pods-MathIOS.release.xcconfig */,
			);
			name = Pods;
			sourceTree = "<group>";
		};
		CAF7C22E2EDA00A583456D3D /* Frameworks */ = {
			isa = PBXGroup;
			children = (
				D67C99758E94839CE6697E0B /* libPods-MathIOS.a */,
			);
			name = Frameworks;
			sourceTree = "<group>";
		};
		DB1E27F21C79FB20004A5662 /* Network */ = {
			isa = PBXGroup;
			children = (
				DB1E27F51C79FB49004A5662 /* Manager */,
				DB1E27F41C79FB43004A5662 /* Models */,
			);
			path = Network;
			sourceTree = "<group>";
		};
		DB1E27F41C79FB43004A5662 /* Models */ = {
			isa = PBXGroup;
			children = (
				DB1E27F81C7A00FF004A5662 /* PostModel.swift */,
				DB1E28001C7A1D90004A5662 /* UserModel.swift */,
				DB1E28041C7A3B74004A5662 /* CommentModel.swift */,
				DB1E280B1C7A506A004A5662 /* AlbomModel.swift */,
				DB1E280D1C7A533C004A5662 /* PhotosModel.swift */,
			);
			path = Models;
			sourceTree = "<group>";
		};
		DB1E27F51C79FB49004A5662 /* Manager */ = {
			isa = PBXGroup;
			children = (
				DB1E27F61C79FB60004A5662 /* ServerManager.swift */,
				8FB4F0CF1C7C558200464227 /* Reachability.swift */,
			);
			path = Manager;
			sourceTree = "<group>";
		};
		DB1E27FA1C7A0F16004A5662 /* Controllers */ = {
			isa = PBXGroup;
			children = (
				DB1E27FC1C7A14EB004A5662 /* PostsViewController.swift */,
				DB1E27FE1C7A1B06004A5662 /* PostCell.swift */,
				DB1E28021C7A253F004A5662 /* DetailPostViewController.swift */,
				DB1E28061C7A3F3E004A5662 /* DetailPostCell.swift */,
				DB1E28091C7A4F03004A5662 /* AlbomUsersViewController.swift */,
				DB1700001C7BAE5800B4D713 /* AlbumPhotoCell.swift */,
				DB1700021C7BAEB600B4D713 /* AlbumPhotoCollection.swift */,
				DB5E41211C7C285A004E9CBC /* TutorialViewController.swift */,
				DB5E41231C7C2875004E9CBC /* ContentTutorialVC.swift */,
			);
			path = Controllers;
			sourceTree = "<group>";
		};
		DB1E27FB1C7A0F2F004A5662 /* Resourses */ = {
			isa = PBXGroup;
			children = (
				DB1700041C7BB24B00B4D713 /* placeholder.png */,
				DB17FFFC1C7BA00E00B4D713 /* album.png */,
				DB17FFFD1C7BA00E00B4D713 /* post.png */,
			);
			path = Resourses;
			sourceTree = "<group>";
		};
		DB6E69191C79B9CD00B4DCCF = {
			isa = PBXGroup;
			children = (
				DB1E27EF1C79FA74004A5662 /* MathIOS-Bridging-Header.h */,
				DB1E27F01C79FA75004A5662 /* MathIOS-Bridge-Header.m */,
				DB6E69241C79B9CD00B4DCCF /* MathIOS */,
				DB6E69231C79B9CD00B4DCCF /* Products */,
				6613895D322B0F1CB7F5B628 /* Pods */,
				CAF7C22E2EDA00A583456D3D /* Frameworks */,
			);
			sourceTree = "<group>";
		};
		DB6E69231C79B9CD00B4DCCF /* Products */ = {
			isa = PBXGroup;
			children = (
				DB6E69221C79B9CD00B4DCCF /* MathIOS.app */,
			);
			name = Products;
			sourceTree = "<group>";
		};
		DB6E69241C79B9CD00B4DCCF /* MathIOS */ = {
			isa = PBXGroup;
			children = (
				DB1E27FB1C7A0F2F004A5662 /* Resourses */,
				DB1E27FA1C7A0F16004A5662 /* Controllers */,
				DB1E27F21C79FB20004A5662 /* Network */,
				DB6E69251C79B9CD00B4DCCF /* AppDelegate.swift */,
				DB6E69271C79B9CD00B4DCCF /* ViewController.swift */,
				DB6E69291C79B9CD00B4DCCF /* Main.storyboard */,
				DB6E692C1C79B9CD00B4DCCF /* Assets.xcassets */,
				DB6E692E1C79B9CD00B4DCCF /* LaunchScreen.storyboard */,
				DB6E69311C79B9CD00B4DCCF /* Info.plist */,
			);
			path = MathIOS;
			sourceTree = "<group>";
		};
/* End PBXGroup section */

/* Begin PBXNativeTarget section */
		DB6E69211C79B9CD00B4DCCF /* MathIOS */ = {
			isa = PBXNativeTarget;
			buildConfigurationList = DB6E69341C79B9CD00B4DCCF /* Build configuration list for PBXNativeTarget "MathIOS" */;
			buildPhases = (
				6F9646D28632E2A0C89A94BC /* Check Pods Manifest.lock */,
				DB6E691E1C79B9CD00B4DCCF /* Sources */,
				DB6E691F1C79B9CD00B4DCCF /* Frameworks */,
				DB6E69201C79B9CD00B4DCCF /* Resources */,
				F088EFBF69F735ECED9C62EC /* Embed Pods Frameworks */,
				02C67D2F9470B1899976488C /* Copy Pods Resources */,
			);
			buildRules = (
			);
			dependencies = (
			);
			name = MathIOS;
			productName = MathIOS;
			productReference = DB6E69221C79B9CD00B4DCCF /* MathIOS.app */;
			productType = "com.apple.product-type.application";
		};
/* End PBXNativeTarget section */

/* Begin PBXProject section */
		DB6E691A1C79B9CD00B4DCCF /* Project object */ = {
			isa = PBXProject;
			attributes = {
				LastSwiftUpdateCheck = 0720;
				LastUpgradeCheck = 0720;
				ORGANIZATIONNAME = "Nikita Gil'";
				TargetAttributes = {
					DB6E69211C79B9CD00B4DCCF = {
						CreatedOnToolsVersion = 7.2.1;
					};
				};
			};
			buildConfigurationList = DB6E691D1C79B9CD00B4DCCF /* Build configuration list for PBXProject "MathIOS" */;
			compatibilityVersion = "Xcode 3.2";
			developmentRegion = English;
			hasScannedForEncodings = 0;
			knownRegions = (
				en,
				Base,
			);
			mainGroup = DB6E69191C79B9CD00B4DCCF;
			productRefGroup = DB6E69231C79B9CD00B4DCCF /* Products */;
			projectDirPath = "";
			projectRoot = "";
			targets = (
				DB6E69211C79B9CD00B4DCCF /* MathIOS */,
			);
		};
/* End PBXProject section */

/* Begin PBXResourcesBuildPhase section */
		DB6E69201C79B9CD00B4DCCF /* Resources */ = {
			isa = PBXResourcesBuildPhase;
			buildActionMask = 2147483647;
			files = (
				DB6E69301C79B9CD00B4DCCF /* LaunchScreen.storyboard in Resources */,
				DB1700051C7BB24B00B4D713 /* placeholder.png in Resources */,
				DB17FFFF1C7BA00E00B4D713 /* post.png in Resources */,
				DB17FFFE1C7BA00E00B4D713 /* album.png in Resources */,
				DB6E692D1C79B9CD00B4DCCF /* Assets.xcassets in Resources */,
				DB6E692B1C79B9CD00B4DCCF /* Main.storyboard in Resources */,
			);
			runOnlyForDeploymentPostprocessing = 0;
		};
/* End PBXResourcesBuildPhase section */

/* Begin PBXShellScriptBuildPhase section */
		02C67D2F9470B1899976488C /* Copy Pods Resources */ = {
			isa = PBXShellScriptBuildPhase;
			buildActionMask = 2147483647;
			files = (
			);
			inputPaths = (
			);
			name = "Copy Pods Resources";
			outputPaths = (
			);
			runOnlyForDeploymentPostprocessing = 0;
			shellPath = /bin/sh;
			shellScript = "\"${SRCROOT}/Pods/Target Support Files/Pods-MathIOS/Pods-MathIOS-resources.sh\"\n";
			showEnvVarsInLog = 0;
		};
		6F9646D28632E2A0C89A94BC /* Check Pods Manifest.lock */ = {
			isa = PBXShellScriptBuildPhase;
			buildActionMask = 2147483647;
			files = (
			);
			inputPaths = (
			);
			name = "Check Pods Manifest.lock";
			outputPaths = (
			);
			runOnlyForDeploymentPostprocessing = 0;
			shellPath = /bin/sh;
			shellScript = "diff \"${PODS_ROOT}/../Podfile.lock\" \"${PODS_ROOT}/Manifest.lock\" > /dev/null\nif [[ $? != 0 ]] ; then\n    cat << EOM\nerror: The sandbox is not in sync with the Podfile.lock. Run 'pod install' or update your CocoaPods installation.\nEOM\n    exit 1\nfi\n";
			showEnvVarsInLog = 0;
		};
		F088EFBF69F735ECED9C62EC /* Embed Pods Frameworks */ = {
			isa = PBXShellScriptBuildPhase;
			buildActionMask = 2147483647;
			files = (
			);
			inputPaths = (
			);
			name = "Embed Pods Frameworks";
			outputPaths = (
			);
			runOnlyForDeploymentPostprocessing = 0;
			shellPath = /bin/sh;
			shellScript = "\"${SRCROOT}/Pods/Target Support Files/Pods-MathIOS/Pods-MathIOS-frameworks.sh\"\n";
			showEnvVarsInLog = 0;
		};
/* End PBXShellScriptBuildPhase section */

/* Begin PBXSourcesBuildPhase section */
		DB6E691E1C79B9CD00B4DCCF /* Sources */ = {
			isa = PBXSourcesBuildPhase;
			buildActionMask = 2147483647;
			files = (
				DB5E41241C7C2875004E9CBC /* ContentTutorialVC.swift in Sources */,
				DB1E280E1C7A533C004A5662 /* PhotosModel.swift in Sources */,
				8FB4F0D01C7C558200464227 /* Reachability.swift in Sources */,
				DB1E27FF1C7A1B06004A5662 /* PostCell.swift in Sources */,
				DB1E27FD1C7A14EB004A5662 /* PostsViewController.swift in Sources */,
				DB1E280C1C7A506A004A5662 /* AlbomModel.swift in Sources */,
				DB1E28011C7A1D90004A5662 /* UserModel.swift in Sources */,
				DB1700011C7BAE5800B4D713 /* AlbumPhotoCell.swift in Sources */,
				DB1E27F71C79FB60004A5662 /* ServerManager.swift in Sources */,
				DB1E27F91C7A00FF004A5662 /* PostModel.swift in Sources */,
				DB1E280A1C7A4F03004A5662 /* AlbomUsersViewController.swift in Sources */,
				DB1E28031C7A253F004A5662 /* DetailPostViewController.swift in Sources */,
				DB1E27F11C79FA75004A5662 /* MathIOS-Bridge-Header.m in Sources */,
				DB1E28071C7A3F3E004A5662 /* DetailPostCell.swift in Sources */,
				DB1700031C7BAEB600B4D713 /* AlbumPhotoCollection.swift in Sources */,
				DB5E41221C7C285A004E9CBC /* TutorialViewController.swift in Sources */,
				DB1E28051C7A3B74004A5662 /* CommentModel.swift in Sources */,
				DB6E69281C79B9CD00B4DCCF /* ViewController.swift in Sources */,
				DB6E69261C79B9CD00B4DCCF /* AppDelegate.swift in Sources */,
			);
			runOnlyForDeploymentPostprocessing = 0;
		};
/* End PBXSourcesBuildPhase section */

/* Begin PBXVariantGroup section */
		DB6E69291C79B9CD00B4DCCF /* Main.storyboard */ = {
			isa = PBXVariantGroup;
			children = (
				DB6E692A1C79B9CD00B4DCCF /* Base */,
			);
			name = Main.storyboard;
			sourceTree = "<group>";
		};
		DB6E692E1C79B9CD00B4DCCF /* LaunchScreen.storyboard */ = {
			isa = PBXVariantGroup;
			children = (
				DB6E692F1C79B9CD00B4DCCF /* Base */,
			);
			name = LaunchScreen.storyboard;
			sourceTree = "<group>";
		};
/* End PBXVariantGroup section */

/* Begin XCBuildConfiguration section */
		DB6E69321C79B9CD00B4DCCF /* Debug */ = {
			isa = XCBuildConfiguration;
			buildSettings = {
				ALWAYS_SEARCH_USER_PATHS = NO;
				CLANG_CXX_LANGUAGE_STANDARD = "gnu++0x";
				CLANG_CXX_LIBRARY = "libc++";
				CLANG_ENABLE_MODULES = YES;
				CLANG_ENABLE_OBJC_ARC = YES;
				CLANG_WARN_BOOL_CONVERSION = YES;
				CLANG_WARN_CONSTANT_CONVERSION = YES;
				CLANG_WARN_DIRECT_OBJC_ISA_USAGE = YES_ERROR;
				CLANG_WARN_EMPTY_BODY = YES;
				CLANG_WARN_ENUM_CONVERSION = YES;
				CLANG_WARN_INT_CONVERSION = YES;
				CLANG_WARN_OBJC_ROOT_CLASS = YES_ERROR;
				CLANG_WARN_UNREACHABLE_CODE = YES;
				CLANG_WARN__DUPLICATE_METHOD_MATCH = YES;
				"CODE_SIGN_IDENTITY[sdk=iphoneos*]" = "iPhone Developer";
				COPY_PHASE_STRIP = NO;
				DEBUG_INFORMATION_FORMAT = dwarf;
				ENABLE_STRICT_OBJC_MSGSEND = YES;
				ENABLE_TESTABILITY = YES;
				GCC_C_LANGUAGE_STANDARD = gnu99;
				GCC_DYNAMIC_NO_PIC = NO;
				GCC_NO_COMMON_BLOCKS = YES;
				GCC_OPTIMIZATION_LEVEL = 0;
				GCC_PREPROCESSOR_DEFINITIONS = (
					"DEBUG=1",
					"$(inherited)",
				);
				GCC_WARN_64_TO_32_BIT_CONVERSION = YES;
				GCC_WARN_ABOUT_RETURN_TYPE = YES_ERROR;
				GCC_WARN_UNDECLARED_SELECTOR = YES;
				GCC_WARN_UNINITIALIZED_AUTOS = YES_AGGRESSIVE;
				GCC_WARN_UNUSED_FUNCTION = YES;
				GCC_WARN_UNUSED_VARIABLE = YES;
				IPHONEOS_DEPLOYMENT_TARGET = 9.2;
				MTL_ENABLE_DEBUG_INFO = YES;
				ONLY_ACTIVE_ARCH = YES;
				SDKROOT = iphoneos;
				SWIFT_OPTIMIZATION_LEVEL = "-Onone";
				TARGETED_DEVICE_FAMILY = "1,2";
			};
			name = Debug;
		};
		DB6E69331C79B9CD00B4DCCF /* Release */ = {
			isa = XCBuildConfiguration;
			buildSettings = {
				ALWAYS_SEARCH_USER_PATHS = NO;
				CLANG_CXX_LANGUAGE_STANDARD = "gnu++0x";
				CLANG_CXX_LIBRARY = "libc++";
				CLANG_ENABLE_MODULES = YES;
				CLANG_ENABLE_OBJC_ARC = YES;
				CLANG_WARN_BOOL_CONVERSION = YES;
				CLANG_WARN_CONSTANT_CONVERSION = YES;
				CLANG_WARN_DIRECT_OBJC_ISA_USAGE = YES_ERROR;
				CLANG_WARN_EMPTY_BODY = YES;
				CLANG_WARN_ENUM_CONVERSION = YES;
				CLANG_WARN_INT_CONVERSION = YES;
				CLANG_WARN_OBJC_ROOT_CLASS = YES_ERROR;
				CLANG_WARN_UNREACHABLE_CODE = YES;
				CLANG_WARN__DUPLICATE_METHOD_MATCH = YES;
				"CODE_SIGN_IDENTITY[sdk=iphoneos*]" = "iPhone Developer";
				COPY_PHASE_STRIP = NO;
				DEBUG_INFORMATION_FORMAT = "dwarf-with-dsym";
				ENABLE_NS_ASSERTIONS = NO;
				ENABLE_STRICT_OBJC_MSGSEND = YES;
				GCC_C_LANGUAGE_STANDARD = gnu99;
				GCC_NO_COMMON_BLOCKS = YES;
				GCC_WARN_64_TO_32_BIT_CONVERSION = YES;
				GCC_WARN_ABOUT_RETURN_TYPE = YES_ERROR;
				GCC_WARN_UNDECLARED_SELECTOR = YES;
				GCC_WARN_UNINITIALIZED_AUTOS = YES_AGGRESSIVE;
				GCC_WARN_UNUSED_FUNCTION = YES;
				GCC_WARN_UNUSED_VARIABLE = YES;
				IPHONEOS_DEPLOYMENT_TARGET = 9.2;
				MTL_ENABLE_DEBUG_INFO = NO;
				SDKROOT = iphoneos;
				TARGETED_DEVICE_FAMILY = "1,2";
				VALIDATE_PRODUCT = YES;
			};
			name = Release;
		};
		DB6E69351C79B9CD00B4DCCF /* Debug */ = {
			isa = XCBuildConfiguration;
			baseConfigurationReference = 1EAE5A940323A84D76A41F30 /* Pods-MathIOS.debug.xcconfig */;
			buildSettings = {
				ASSETCATALOG_COMPILER_APPICON_NAME = AppIcon;
				CLANG_ENABLE_MODULES = YES;
				CODE_SIGN_IDENTITY = "iPhone Developer";
				"CODE_SIGN_IDENTITY[sdk=iphoneos*]" = "iPhone Developer";
				EMBEDDED_CONTENT_CONTAINS_SWIFT = YES;
				INFOPLIST_FILE = MathIOS/Info.plist;
				IPHONEOS_DEPLOYMENT_TARGET = 8.2;
				LD_RUNPATH_SEARCH_PATHS = "$(inherited) @executable_path/Frameworks";
				PRODUCT_BUNDLE_IDENTIFIER = com.gil.MathIOS;
				PRODUCT_NAME = "$(TARGET_NAME)";
				PROVISIONING_PROFILE = "";
				SWIFT_OBJC_BRIDGING_HEADER = "MathIOS-Bridging-Header.h";
				SWIFT_OPTIMIZATION_LEVEL = "-Onone";
			};
			name = Debug;
		};
		DB6E69361C79B9CD00B4DCCF /* Release */ = {
			isa = XCBuildConfiguration;
			baseConfigurationReference = 22D128261071A8DA3AA84BC8 /* Pods-MathIOS.release.xcconfig */;
			buildSettings = {
				ASSETCATALOG_COMPILER_APPICON_NAME = AppIcon;
				CLANG_ENABLE_MODULES = YES;
				CODE_SIGN_IDENTITY = "iPhone Developer";
				"CODE_SIGN_IDENTITY[sdk=iphoneos*]" = "iPhone Developer";
				EMBEDDED_CONTENT_CONTAINS_SWIFT = YES;
				INFOPLIST_FILE = MathIOS/Info.plist;
				IPHONEOS_DEPLOYMENT_TARGET = 8.2;
				LD_RUNPATH_SEARCH_PATHS = "$(inherited) @executable_path/Frameworks";
				PRODUCT_BUNDLE_IDENTIFIER = com.gil.MathIOS;
				PRODUCT_NAME = "$(TARGET_NAME)";
				PROVISIONING_PROFILE = "";
				SWIFT_OBJC_BRIDGING_HEADER = "MathIOS-Bridging-Header.h";
			};
			name = Release;
		};
/* End XCBuildConfiguration section */

/* Begin XCConfigurationList section */
		DB6E691D1C79B9CD00B4DCCF /* Build configuration list for PBXProject "MathIOS" */ = {
			isa = XCConfigurationList;
			buildConfigurations = (
				DB6E69321C79B9CD00B4DCCF /* Debug */,
				DB6E69331C79B9CD00B4DCCF /* Release */,
			);
			defaultConfigurationIsVisible = 0;
			defaultConfigurationName = Release;
		};
		DB6E69341C79B9CD00B4DCCF /* Build configuration list for PBXNativeTarget "MathIOS" */ = {
			isa = XCConfigurationList;
			buildConfigurations = (
				DB6E69351C79B9CD00B4DCCF /* Debug */,
				DB6E69361C79B9CD00B4DCCF /* Release */,
			);
			defaultConfigurationIsVisible = 0;
			defaultConfigurationName = Release;
		};
/* End XCConfigurationList section */
	};
	rootObject = DB6E691A1C79B9CD00B4DCCF /* Project object */;
}
